// !$*UTF8*$!
{
	archiveVersion = 1;
	classes = {
	};
	objectVersion = 46;
	objects = {

/* Begin PBXBuildFile section */
		74211CC51EBDDAF600F7F12B /* AppDelegate.swift in Sources */ = {isa = PBXBuildFile; fileRef = 74211CC41EBDDAF600F7F12B /* AppDelegate.swift */; };
		74211CC71EBDDAF600F7F12B /* ViewController.swift in Sources */ = {isa = PBXBuildFile; fileRef = 74211CC61EBDDAF600F7F12B /* ViewController.swift */; };
		74211CCA1EBDDAF600F7F12B /* Main.storyboard in Resources */ = {isa = PBXBuildFile; fileRef = 74211CC81EBDDAF600F7F12B /* Main.storyboard */; };
		74211CCC1EBDDAF600F7F12B /* Assets.xcassets in Resources */ = {isa = PBXBuildFile; fileRef = 74211CCB1EBDDAF600F7F12B /* Assets.xcassets */; };
		74211CCF1EBDDAF600F7F12B /* LaunchScreen.storyboard in Resources */ = {isa = PBXBuildFile; fileRef = 74211CCD1EBDDAF600F7F12B /* LaunchScreen.storyboard */; };
		74211CDA1EBDDAF700F7F12B /* Calculator1Tests.swift in Sources */ = {isa = PBXBuildFile; fileRef = 74211CD91EBDDAF600F7F12B /* Calculator1Tests.swift */; };
		74211CE51EBDDAF700F7F12B /* Calculator1UITests.swift in Sources */ = {isa = PBXBuildFile; fileRef = 74211CE41EBDDAF700F7F12B /* Calculator1UITests.swift */; };
		74ED24D71EED40060031BB8D /* calculatorCore.swift in Sources */ = {isa = PBXBuildFile; fileRef = 74ED24D61EED40060031BB8D /* calculatorCore.swift */; };
/* End PBXBuildFile section */

/* Begin PBXContainerItemProxy section */
		74211CD61EBDDAF600F7F12B /* PBXContainerItemProxy */ = {
			isa = PBXContainerItemProxy;
			containerPortal = 74211CB91EBDDAF600F7F12B /* Project object */;
			proxyType = 1;
			remoteGlobalIDString = 74211CC01EBDDAF600F7F12B;
			remoteInfo = Calculator1;
		};
		74211CE11EBDDAF700F7F12B /* PBXContainerItemProxy */ = {
			isa = PBXContainerItemProxy;
			containerPortal = 74211CB91EBDDAF600F7F12B /* Project object */;
			proxyType = 1;
			remoteGlobalIDString = 74211CC01EBDDAF600F7F12B;
			remoteInfo = Calculator1;
		};
/* End PBXContainerItemProxy section */

/* Begin PBXFileReference section */
		74211CC11EBDDAF600F7F12B /* Calculator1.app */ = {isa = PBXFileReference; explicitFileType = wrapper.application; includeInIndex = 0; path = Calculator1.app; sourceTree = BUILT_PRODUCTS_DIR; };
		74211CC41EBDDAF600F7F12B /* AppDelegate.swift */ = {isa = PBXFileReference; lastKnownFileType = sourcecode.swift; path = AppDelegate.swift; sourceTree = "<group>"; };
		74211CC61EBDDAF600F7F12B /* ViewController.swift */ = {isa = PBXFileReference; lastKnownFileType = sourcecode.swift; path = ViewController.swift; sourceTree = "<group>"; };
		74211CC91EBDDAF600F7F12B /* Base */ = {isa = PBXFileReference; lastKnownFileType = file.storyboard; name = Base; path = Base.lproj/Main.storyboard; sourceTree = "<group>"; };
		74211CCB1EBDDAF600F7F12B /* Assets.xcassets */ = {isa = PBXFileReference; lastKnownFileType = folder.assetcatalog; path = Assets.xcassets; sourceTree = "<group>"; };
		74211CCE1EBDDAF600F7F12B /* Base */ = {isa = PBXFileReference; lastKnownFileType = file.storyboard; name = Base; path = Base.lproj/LaunchScreen.storyboard; sourceTree = "<group>"; };
		74211CD01EBDDAF600F7F12B /* Info.plist */ = {isa = PBXFileReference; lastKnownFileType = text.plist.xml; path = Info.plist; sourceTree = "<group>"; };
		74211CD51EBDDAF600F7F12B /* Calculator1Tests.xctest */ = {isa = PBXFileReference; explicitFileType = wrapper.cfbundle; includeInIndex = 0; path = Calculator1Tests.xctest; sourceTree = BUILT_PRODUCTS_DIR; };
		74211CD91EBDDAF600F7F12B /* Calculator1Tests.swift */ = {isa = PBXFileReference; lastKnownFileType = sourcecode.swift; path = Calculator1Tests.swift; sourceTree = "<group>"; };
		74211CDB1EBDDAF700F7F12B /* Info.plist */ = {isa = PBXFileReference; lastKnownFileType = text.plist.xml; path = Info.plist; sourceTree = "<group>"; };
		74211CE01EBDDAF700F7F12B /* Calculator1UITests.xctest */ = {isa = PBXFileReference; explicitFileType = wrapper.cfbundle; includeInIndex = 0; path = Calculator1UITests.xctest; sourceTree = BUILT_PRODUCTS_DIR; };
		74211CE41EBDDAF700F7F12B /* Calculator1UITests.swift */ = {isa = PBXFileReference; lastKnownFileType = sourcecode.swift; path = Calculator1UITests.swift; sourceTree = "<group>"; };
		74211CE61EBDDAF700F7F12B /* Info.plist */ = {isa = PBXFileReference; lastKnownFileType = text.plist.xml; path = Info.plist; sourceTree = "<group>"; };
		74ED24D61EED40060031BB8D /* calculatorCore.swift */ = {isa = PBXFileReference; fileEncoding = 4; lastKnownFileType = sourcecode.swift; name = calculatorCore.swift; path = "../../swifthw2-master/hw2/calculatorCore.swift"; sourceTree = "<group>"; };
/* End PBXFileReference section */

/* Begin PBXFrameworksBuildPhase section */
		74211CBE1EBDDAF600F7F12B /* Frameworks */ = {
			isa = PBXFrameworksBuildPhase;
			buildActionMask = 2147483647;
			files = (
			);
			runOnlyForDeploymentPostprocessing = 0;
		};
		74211CD21EBDDAF600F7F12B /* Frameworks */ = {
			isa = PBXFrameworksBuildPhase;
			buildActionMask = 2147483647;
			files = (
			);
			runOnlyForDeploymentPostprocessing = 0;
		};
		74211CDD1EBDDAF700F7F12B /* Frameworks */ = {
			isa = PBXFrameworksBuildPhase;
			buildActionMask = 2147483647;
			files = (
			);
			runOnlyForDeploymentPostprocessing = 0;
		};
/* End PBXFrameworksBuildPhase section */

/* Begin PBXGroup section */
		74211CB81EBDDAF600F7F12B = {
			isa = PBXGroup;
			children = (
				74211CC31EBDDAF600F7F12B /* Calculator1 */,
				74211CD81EBDDAF600F7F12B /* Calculator1Tests */,
				74211CE31EBDDAF700F7F12B /* Calculator1UITests */,
				74211CC21EBDDAF600F7F12B /* Products */,
			);
			sourceTree = "<group>";
		};
		74211CC21EBDDAF600F7F12B /* Products */ = {
			isa = PBXGroup;
			children = (
				74211CC11EBDDAF600F7F12B /* Calculator1.app */,
				74211CD51EBDDAF600F7F12B /* Calculator1Tests.xctest */,
				74211CE01EBDDAF700F7F12B /* Calculator1UITests.xctest */,
			);
			name = Products;
			sourceTree = "<group>";
		};
		74211CC31EBDDAF600F7F12B /* Calculator1 */ = {
			isa = PBXGroup;
			children = (
				74ED24D61EED40060031BB8D /* calculatorCore.swift */,
				74211CC41EBDDAF600F7F12B /* AppDelegate.swift */,
				74211CC61EBDDAF600F7F12B /* ViewController.swift */,
				74211CC81EBDDAF600F7F12B /* Main.storyboard */,
				74211CCB1EBDDAF600F7F12B /* Assets.xcassets */,
				74211CCD1EBDDAF600F7F12B /* LaunchScreen.storyboard */,
				74211CD01EBDDAF600F7F12B /* Info.plist */,
			);
			path = Calculator1;
			sourceTree = "<group>";
		};
		74211CD81EBDDAF600F7F12B /* Calculator1Tests */ = {
			isa = PBXGroup;
			children = (
				74211CD91EBDDAF600F7F12B /* Calculator1Tests.swift */,
				74211CDB1EBDDAF700F7F12B /* Info.plist */,
			);
			path = Calculator1Tests;
			sourceTree = "<group>";
		};
		74211CE31EBDDAF700F7F12B /* Calculator1UITests */ = {
			isa = PBXGroup;
			children = (
				74211CE41EBDDAF700F7F12B /* Calculator1UITests.swift */,
				74211CE61EBDDAF700F7F12B /* Info.plist */,
			);
			path = Calculator1UITests;
			sourceTree = "<group>";
		};
/* End PBXGroup section */

/* Begin PBXNativeTarget section */
		74211CC01EBDDAF600F7F12B /* Calculator1 */ = {
			isa = PBXNativeTarget;
			buildConfigurationList = 74211CE91EBDDAF700F7F12B /* Build configuration list for PBXNativeTarget "Calculator1" */;
			buildPhases = (
				74211CBD1EBDDAF600F7F12B /* Sources */,
				74211CBE1EBDDAF600F7F12B /* Frameworks */,
				74211CBF1EBDDAF600F7F12B /* Resources */,
			);
			buildRules = (
			);
			dependencies = (
			);
			name = Calculator1;
			productName = Calculator1;
			productReference = 74211CC11EBDDAF600F7F12B /* Calculator1.app */;
			productType = "com.apple.product-type.application";
		};
		74211CD41EBDDAF600F7F12B /* Calculator1Tests */ = {
			isa = PBXNativeTarget;
			buildConfigurationList = 74211CEC1EBDDAF700F7F12B /* Build configuration list for PBXNativeTarget "Calculator1Tests" */;
			buildPhases = (
				74211CD11EBDDAF600F7F12B /* Sources */,
				74211CD21EBDDAF600F7F12B /* Frameworks */,
				74211CD31EBDDAF600F7F12B /* Resources */,
			);
			buildRules = (
			);
			dependencies = (
				74211CD71EBDDAF600F7F12B /* PBXTargetDependency */,
			);
			name = Calculator1Tests;
			productName = Calculator1Tests;
			productReference = 74211CD51EBDDAF600F7F12B /* Calculator1Tests.xctest */;
			productType = "com.apple.product-type.bundle.unit-test";
		};
		74211CDF1EBDDAF700F7F12B /* Calculator1UITests */ = {
			isa = PBXNativeTarget;
			buildConfigurationList = 74211CEF1EBDDAF700F7F12B /* Build configuration list for PBXNativeTarget "Calculator1UITests" */;
			buildPhases = (
				74211CDC1EBDDAF700F7F12B /* Sources */,
				74211CDD1EBDDAF700F7F12B /* Frameworks */,
				74211CDE1EBDDAF700F7F12B /* Resources */,
			);
			buildRules = (
			);
			dependencies = (
				74211CE21EBDDAF700F7F12B /* PBXTargetDependency */,
			);
			name = Calculator1UITests;
			productName = Calculator1UITests;
			productReference = 74211CE01EBDDAF700F7F12B /* Calculator1UITests.xctest */;
			productType = "com.apple.product-type.bundle.ui-testing";
		};
/* End PBXNativeTarget section */

/* Begin PBXProject section */
		74211CB91EBDDAF600F7F12B /* Project object */ = {
			isa = PBXProject;
			attributes = {
				LastSwiftUpdateCheck = 0830;
				LastUpgradeCheck = 0830;
				ORGANIZATIONNAME = "Yi En Kung";
				TargetAttributes = {
					74211CC01EBDDAF600F7F12B = {
						CreatedOnToolsVersion = 8.3.2;
						ProvisioningStyle = Automatic;
					};
					74211CD41EBDDAF600F7F12B = {
						CreatedOnToolsVersion = 8.3.2;
						ProvisioningStyle = Automatic;
						TestTargetID = 74211CC01EBDDAF600F7F12B;
					};
					74211CDF1EBDDAF700F7F12B = {
						CreatedOnToolsVersion = 8.3.2;
						ProvisioningStyle = Automatic;
						TestTargetID = 74211CC01EBDDAF600F7F12B;
					};
				};
			};
			buildConfigurationList = 74211CBC1EBDDAF600F7F12B /* Build configuration list for PBXProject "Calculator1" */;
			compatibilityVersion = "Xcode 3.2";
			developmentRegion = English;
			hasScannedForEncodings = 0;
			knownRegions = (
				en,
				Base,
			);
			mainGroup = 74211CB81EBDDAF600F7F12B;
			productRefGroup = 74211CC21EBDDAF600F7F12B /* Products */;
			projectDirPath = "";
			projectRoot = "";
			targets = (
				74211CC01EBDDAF600F7F12B /* Calculator1 */,
				74211CD41EBDDAF600F7F12B /* Calculator1Tests */,
				74211CDF1EBDDAF700F7F12B /* Calculator1UITests */,
			);
		};
/* End PBXProject section */

/* Begin PBXResourcesBuildPhase section */
		74211CBF1EBDDAF600F7F12B /* Resources */ = {
			isa = PBXResourcesBuildPhase;
			buildActionMask = 2147483647;
			files = (
				74211CCF1EBDDAF600F7F12B /* LaunchScreen.storyboard in Resources */,
				74211CCC1EBDDAF600F7F12B /* Assets.xcassets in Resources */,
				74211CCA1EBDDAF600F7F12B /* Main.storyboard in Resources */,
			);
			runOnlyForDeploymentPostprocessing = 0;
		};
		74211CD31EBDDAF600F7F12B /* Resources */ = {
			isa = PBXResourcesBuildPhase;
			buildActionMask = 2147483647;
			files = (
			);
			runOnlyForDeploymentPostprocessing = 0;
		};
		74211CDE1EBDDAF700F7F12B /* Resources */ = {
			isa = PBXResourcesBuildPhase;
			buildActionMask = 2147483647;
			files = (
			);
			runOnlyForDeploymentPostprocessing = 0;
		};
/* End PBXResourcesBuildPhase section */

/* Begin PBXSourcesBuildPhase section */
		74211CBD1EBDDAF600F7F12B /* Sources */ = {
			isa = PBXSourcesBuildPhase;
			buildActionMask = 2147483647;
			files = (
				74211CC71EBDDAF600F7F12B /* ViewController.swift in Sources */,
				74211CC51EBDDAF600F7F12B /* AppDelegate.swift in Sources */,
				74ED24D71EED40060031BB8D /* calculatorCore.swift in Sources */,
			);
			runOnlyForDeploymentPostprocessing = 0;
		};
		74211CD11EBDDAF600F7F12B /* Sources */ = {
			isa = PBXSourcesBuildPhase;
			buildActionMask = 2147483647;
			files = (
				74211CDA1EBDDAF700F7F12B /* Calculator1Tests.swift in Sources */,
			);
			runOnlyForDeploymentPostprocessing = 0;
		};
		74211CDC1EBDDAF700F7F12B /* Sources */ = {
			isa = PBXSourcesBuildPhase;
			buildActionMask = 2147483647;
			files = (
				74211CE51EBDDAF700F7F12B /* Calculator1UITests.swift in Sources */,
			);
			runOnlyForDeploymentPostprocessing = 0;
		};
/* End PBXSourcesBuildPhase section */

/* Begin PBXTargetDependency section */
		74211CD71EBDDAF600F7F12B /* PBXTargetDependency */ = {
			isa = PBXTargetDependency;
			target = 74211CC01EBDDAF600F7F12B /* Calculator1 */;
			targetProxy = 74211CD61EBDDAF600F7F12B /* PBXContainerItemProxy */;
		};
		74211CE21EBDDAF700F7F12B /* PBXTargetDependency */ = {
			isa = PBXTargetDependency;
			target = 74211CC01EBDDAF600F7F12B /* Calculator1 */;
			targetProxy = 74211CE11EBDDAF700F7F12B /* PBXContainerItemProxy */;
		};
/* End PBXTargetDependency section */

/* Begin PBXVariantGroup section */
		74211CC81EBDDAF600F7F12B /* Main.storyboard */ = {
			isa = PBXVariantGroup;
			children = (
				74211CC91EBDDAF600F7F12B /* Base */,
			);
			name = Main.storyboard;
			sourceTree = "<group>";
		};
		74211CCD1EBDDAF600F7F12B /* LaunchScreen.storyboard */ = {
			isa = PBXVariantGroup;
			children = (
				74211CCE1EBDDAF600F7F12B /* Base */,
			);
			name = LaunchScreen.storyboard;
			sourceTree = "<group>";
		};
/* End PBXVariantGroup section */

/* Begin XCBuildConfiguration section */
		74211CE71EBDDAF700F7F12B /* Debug */ = {
			isa = XCBuildConfiguration;
			buildSettings = {
				ALWAYS_SEARCH_USER_PATHS = NO;
				CLANG_ANALYZER_NONNULL = YES;
				CLANG_ANALYZER_NUMBER_OBJECT_CONVERSION = YES_AGGRESSIVE;
				CLANG_CXX_LANGUAGE_STANDARD = "gnu++0x";
				CLANG_CXX_LIBRARY = "libc++";
				CLANG_ENABLE_MODULES = YES;
				CLANG_ENABLE_OBJC_ARC = YES;
				CLANG_WARN_BOOL_CONVERSION = YES;
				CLANG_WARN_CONSTANT_CONVERSION = YES;
				CLANG_WARN_DIRECT_OBJC_ISA_USAGE = YES_ERROR;
				CLANG_WARN_DOCUMENTATION_COMMENTS = YES;
				CLANG_WARN_EMPTY_BODY = YES;
				CLANG_WARN_ENUM_CONVERSION = YES;
				CLANG_WARN_INFINITE_RECURSION = YES;
				CLANG_WARN_INT_CONVERSION = YES;
				CLANG_WARN_OBJC_ROOT_CLASS = YES_ERROR;
				CLANG_WARN_SUSPICIOUS_MOVE = YES;
				CLANG_WARN_UNREACHABLE_CODE = YES;
				CLANG_WARN__DUPLICATE_METHOD_MATCH = YES;
				"CODE_SIGN_IDENTITY[sdk=iphoneos*]" = "iPhone Developer";
				COPY_PHASE_STRIP = NO;
				DEBUG_INFORMATION_FORMAT = dwarf;
				ENABLE_STRICT_OBJC_MSGSEND = YES;
				ENABLE_TESTABILITY = YES;
				GCC_C_LANGUAGE_STANDARD = gnu99;
				GCC_DYNAMIC_NO_PIC = NO;
				GCC_NO_COMMON_BLOCKS = YES;
				GCC_OPTIMIZATION_LEVEL = 0;
				GCC_PREPROCESSOR_DEFINITIONS = (
					"DEBUG=1",
					"$(inherited)",
				);
				GCC_WARN_64_TO_32_BIT_CONVERSION = YES;
				GCC_WARN_ABOUT_RETURN_TYPE = YES_ERROR;
				GCC_WARN_UNDECLARED_SELECTOR = YES;
				GCC_WARN_UNINITIALIZED_AUTOS = YES_AGGRESSIVE;
				GCC_WARN_UNUSED_FUNCTION = YES;
				GCC_WARN_UNUSED_VARIABLE = YES;
				IPHONEOS_DEPLOYMENT_TARGET = 10.3;
				MTL_ENABLE_DEBUG_INFO = YES;
				ONLY_ACTIVE_ARCH = YES;
				SDKROOT = iphoneos;
				SWIFT_ACTIVE_COMPILATION_CONDITIONS = DEBUG;
				SWIFT_OPTIMIZATION_LEVEL = "-Onone";
				TARGETED_DEVICE_FAMILY = "1,2";
			};
			name = Debug;
		};
		74211CE81EBDDAF700F7F12B /* Release */ = {
			isa = XCBuildConfiguration;
			buildSettings = {
				ALWAYS_SEARCH_USER_PATHS = NO;
				CLANG_ANALYZER_NONNULL = YES;
				CLANG_ANALYZER_NUMBER_OBJECT_CONVERSION = YES_AGGRESSIVE;
				CLANG_CXX_LANGUAGE_STANDARD = "gnu++0x";
				CLANG_CXX_LIBRARY = "libc++";
				CLANG_ENABLE_MODULES = YES;
				CLANG_ENABLE_OBJC_ARC = YES;
				CLANG_WARN_BOOL_CONVERSION = YES;
				CLANG_WARN_CONSTANT_CONVERSION = YES;
				CLANG_WARN_DIRECT_OBJC_ISA_USAGE = YES_ERROR;
				CLANG_WARN_DOCUMENTATION_COMMENTS = YES;
				CLANG_WARN_EMPTY_BODY = YES;
				CLANG_WARN_ENUM_CONVERSION = YES;
				CLANG_WARN_INFINITE_RECURSION = YES;
				CLANG_WARN_INT_CONVERSION = YES;
				CLANG_WARN_OBJC_ROOT_CLASS = YES_ERROR;
				CLANG_WARN_SUSPICIOUS_MOVE = YES;
				CLANG_WARN_UNREACHABLE_CODE = YES;
				CLANG_WARN__DUPLICATE_METHOD_MATCH = YES;
				"CODE_SIGN_IDENTITY[sdk=iphoneos*]" = "iPhone Developer";
				COPY_PHASE_STRIP = NO;
				DEBUG_INFORMATION_FORMAT = "dwarf-with-dsym";
				ENABLE_NS_ASSERTIONS = NO;
				ENABLE_STRICT_OBJC_MSGSEND = YES;
				GCC_C_LANGUAGE_STANDARD = gnu99;
				GCC_NO_COMMON_BLOCKS = YES;
				GCC_WARN_64_TO_32_BIT_CONVERSION = YES;
				GCC_WARN_ABOUT_RETURN_TYPE = YES_ERROR;
				GCC_WARN_UNDECLARED_SELECTOR = YES;
				GCC_WARN_UNINITIALIZED_AUTOS = YES_AGGRESSIVE;
				GCC_WARN_UNUSED_FUNCTION = YES;
				GCC_WARN_UNUSED_VARIABLE = YES;
				IPHONEOS_DEPLOYMENT_TARGET = 10.3;
				MTL_ENABLE_DEBUG_INFO = NO;
				SDKROOT = iphoneos;
				SWIFT_OPTIMIZATION_LEVEL = "-Owholemodule";
				TARGETED_DEVICE_FAMILY = "1,2";
				VALIDATE_PRODUCT = YES;
			};
			name = Release;
		};
		74211CEA1EBDDAF700F7F12B /* Debug */ = {
			isa = XCBuildConfiguration;
			buildSettings = {
				ASSETCATALOG_COMPILER_APPICON_NAME = AppIcon;
				INFOPLIST_FILE = Calculator1/Info.plist;
				LD_RUNPATH_SEARCH_PATHS = "$(inherited) @executable_path/Frameworks";
				PRODUCT_BUNDLE_IDENTIFIER = yienkung.Calculator1;
				PRODUCT_NAME = "$(TARGET_NAME)";
				SWIFT_VERSION = 3.0;
			};
			name = Debug;
		};
		74211CEB1EBDDAF700F7F12B /* Release */ = {
			isa = XCBuildConfiguration;
			buildSettings = {
				ASSETCATALOG_COMPILER_APPICON_NAME = AppIcon;
				INFOPLIST_FILE = Calculator1/Info.plist;
				LD_RUNPATH_SEARCH_PATHS = "$(inherited) @executable_path/Frameworks";
				PRODUCT_BUNDLE_IDENTIFIER = yienkung.Calculator1;
				PRODUCT_NAME = "$(TARGET_NAME)";
				SWIFT_VERSION = 3.0;
			};
			name = Release;
		};
		74211CED1EBDDAF700F7F12B /* Debug */ = {
			isa = XCBuildConfiguration;
			buildSettings = {
				ALWAYS_EMBED_SWIFT_STANDARD_LIBRARIES = YES;
				BUNDLE_LOADER = "$(TEST_HOST)";
				INFOPLIST_FILE = Calculator1Tests/Info.plist;
				LD_RUNPATH_SEARCH_PATHS = "$(inherited) @executable_path/Frameworks @loader_path/Frameworks";
				PRODUCT_BUNDLE_IDENTIFIER = yienkung.Calculator1Tests;
				PRODUCT_NAME = "$(TARGET_NAME)";
				SWIFT_VERSION = 3.0;
				TEST_HOST = "$(BUILT_PRODUCTS_DIR)/Calculator1.app/Calculator1";
			};
			name = Debug;
		};
		74211CEE1EBDDAF700F7F12B /* Release */ = {
			isa = XCBuildConfiguration;
			buildSettings = {
				ALWAYS_EMBED_SWIFT_STANDARD_LIBRARIES = YES;
				BUNDLE_LOADER = "$(TEST_HOST)";
				INFOPLIST_FILE = Calculator1Tests/Info.plist;
				LD_RUNPATH_SEARCH_PATHS = "$(inherited) @executable_path/Frameworks @loader_path/Frameworks";
				PRODUCT_BUNDLE_IDENTIFIER = yienkung.Calculator1Tests;
				PRODUCT_NAME = "$(TARGET_NAME)";
				SWIFT_VERSION = 3.0;
				TEST_HOST = "$(BUILT_PRODUCTS_DIR)/Calculator1.app/Calculator1";
			};
			name = Release;
		};
		74211CF01EBDDAF700F7F12B /* Debug */ = {
			isa = XCBuildConfiguration;
			buildSettings = {
				ALWAYS_EMBED_SWIFT_STANDARD_LIBRARIES = YES;
				INFOPLIST_FILE = Calculator1UITests/Info.plist;
				LD_RUNPATH_SEARCH_PATHS = "$(inherited) @executable_path/Frameworks @loader_path/Frameworks";
				PRODUCT_BUNDLE_IDENTIFIER = yienkung.Calculator1UITests;
				PRODUCT_NAME = "$(TARGET_NAME)";
				SWIFT_VERSION = 3.0;
				TEST_TARGET_NAME = Calculator1;
			};
			name = Debug;
		};
		74211CF11EBDDAF700F7F12B /* Release */ = {
			isa = XCBuildConfiguration;
			buildSettings = {
				ALWAYS_EMBED_SWIFT_STANDARD_LIBRARIES = YES;
				INFOPLIST_FILE = Calculator1UITests/Info.plist;
				LD_RUNPATH_SEARCH_PATHS = "$(inherited) @executable_path/Frameworks @loader_path/Frameworks";
				PRODUCT_BUNDLE_IDENTIFIER = yienkung.Calculator1UITests;
				PRODUCT_NAME = "$(TARGET_NAME)";
				SWIFT_VERSION = 3.0;
				TEST_TARGET_NAME = Calculator1;
			};
			name = Release;
		};
/* End XCBuildConfiguration section */

/* Begin XCConfigurationList section */
		74211CBC1EBDDAF600F7F12B /* Build configuration list for PBXProject "Calculator1" */ = {
			isa = XCConfigurationList;
			buildConfigurations = (
				74211CE71EBDDAF700F7F12B /* Debug */,
				74211CE81EBDDAF700F7F12B /* Release */,
			);
			defaultConfigurationIsVisible = 0;
			defaultConfigurationName = Release;
		};
		74211CE91EBDDAF700F7F12B /* Build configuration list for PBXNativeTarget "Calculator1" */ = {
			isa = XCConfigurationList;
			buildConfigurations = (
				74211CEA1EBDDAF700F7F12B /* Debug */,
				74211CEB1EBDDAF700F7F12B /* Release */,
			);
			defaultConfigurationIsVisible = 0;
			defaultConfigurationName = Release;
		};
		74211CEC1EBDDAF700F7F12B /* Build configuration list for PBXNativeTarget "Calculator1Tests" */ = {
			isa = XCConfigurationList;
			buildConfigurations = (
				74211CED1EBDDAF700F7F12B /* Debug */,
				74211CEE1EBDDAF700F7F12B /* Release */,
			);
			defaultConfigurationIsVisible = 0;
			defaultConfigurationName = Release;
		};
		74211CEF1EBDDAF700F7F12B /* Build configuration list for PBXNativeTarget "Calculator1UITests" */ = {
			isa = XCConfigurationList;
			buildConfigurations = (
				74211CF01EBDDAF700F7F12B /* Debug */,
				74211CF11EBDDAF700F7F12B /* Release */,
			);
			defaultConfigurationIsVisible = 0;
			defaultConfigurationName = Release;
		};
/* End XCConfigurationList section */
	};
	rootObject = 74211CB91EBDDAF600F7F12B /* Project object */;
}
